// !$*UTF8*$!
{
	archiveVersion = 1;
	classes = {
	};
	objectVersion = 55;
	objects = {

/* Begin PBXBuildFile section */
		26498FEA294BBA1300F4772A /* FullSizeWallpaperVC.swift in Sources */ = {isa = PBXBuildFile; fileRef = 26498FE9294BBA1300F4772A /* FullSizeWallpaperVC.swift */; };
		264A1AF4294A4A7E00EA9092 /* AppDelegate.swift in Sources */ = {isa = PBXBuildFile; fileRef = 264A1AF3294A4A7E00EA9092 /* AppDelegate.swift */; };
		264A1AF6294A4A7E00EA9092 /* SceneDelegate.swift in Sources */ = {isa = PBXBuildFile; fileRef = 264A1AF5294A4A7E00EA9092 /* SceneDelegate.swift */; };
		264A1AF8294A4A7E00EA9092 /* GeneratorVC.swift in Sources */ = {isa = PBXBuildFile; fileRef = 264A1AF7294A4A7E00EA9092 /* GeneratorVC.swift */; };
		264A1AFD294A4A8000EA9092 /* Assets.xcassets in Resources */ = {isa = PBXBuildFile; fileRef = 264A1AFC294A4A8000EA9092 /* Assets.xcassets */; };
		264A1B00294A4A8000EA9092 /* LaunchScreen.storyboard in Resources */ = {isa = PBXBuildFile; fileRef = 264A1AFE294A4A8000EA9092 /* LaunchScreen.storyboard */; };
		264A1B08294A4B1A00EA9092 /* TabBarVC.swift in Sources */ = {isa = PBXBuildFile; fileRef = 264A1B07294A4B1A00EA9092 /* TabBarVC.swift */; };
		264A1B0A294A4B3300EA9092 /* MainVC.swift in Sources */ = {isa = PBXBuildFile; fileRef = 264A1B09294A4B3200EA9092 /* MainVC.swift */; };
		264A1B0C294A4F1300EA9092 /* GoogleService-Info.plist in Resources */ = {isa = PBXBuildFile; fileRef = 264A1B0B294A4F1300EA9092 /* GoogleService-Info.plist */; };
		264A1B0E294A54D100EA9092 /* Extensions.swift in Sources */ = {isa = PBXBuildFile; fileRef = 264A1B0D294A54D100EA9092 /* Extensions.swift */; };
		264A1B10294A59C300EA9092 /* FirebaseManager.swift in Sources */ = {isa = PBXBuildFile; fileRef = 264A1B0F294A59C300EA9092 /* FirebaseManager.swift */; };
		265129DE294CE75200F70B91 /* SF-Pro-Display-Semibold.ttf in Resources */ = {isa = PBXBuildFile; fileRef = 265129DD294CE75200F70B91 /* SF-Pro-Display-Semibold.ttf */; };
		26E1B901294C497A00DB62CB /* SF Pro - Semibold Rails.otf in Resources */ = {isa = PBXBuildFile; fileRef = 26E1B900294C497A00DB62CB /* SF Pro - Semibold Rails.otf */; };
		884476C030F30B17E54D3780 /* Pods_Huilo.framework in Frameworks */ = {isa = PBXBuildFile; fileRef = DB21BDDDD55D83FB3F5E54AE /* Pods_Huilo.framework */; };
/* End PBXBuildFile section */

/* Begin PBXFileReference section */
		26498FE9294BBA1300F4772A /* FullSizeWallpaperVC.swift */ = {isa = PBXFileReference; lastKnownFileType = sourcecode.swift; path = FullSizeWallpaperVC.swift; sourceTree = "<group>"; };
		264A1AF0294A4A7E00EA9092 /* Huilo.app */ = {isa = PBXFileReference; explicitFileType = wrapper.application; includeInIndex = 0; path = Huilo.app; sourceTree = BUILT_PRODUCTS_DIR; };
		264A1AF3294A4A7E00EA9092 /* AppDelegate.swift */ = {isa = PBXFileReference; lastKnownFileType = sourcecode.swift; path = AppDelegate.swift; sourceTree = "<group>"; };
		264A1AF5294A4A7E00EA9092 /* SceneDelegate.swift */ = {isa = PBXFileReference; lastKnownFileType = sourcecode.swift; path = SceneDelegate.swift; sourceTree = "<group>"; };
		264A1AF7294A4A7E00EA9092 /* GeneratorVC.swift */ = {isa = PBXFileReference; lastKnownFileType = sourcecode.swift; path = GeneratorVC.swift; sourceTree = "<group>"; };
		264A1AFC294A4A8000EA9092 /* Assets.xcassets */ = {isa = PBXFileReference; lastKnownFileType = folder.assetcatalog; path = Assets.xcassets; sourceTree = "<group>"; };
		264A1AFF294A4A8000EA9092 /* Base */ = {isa = PBXFileReference; lastKnownFileType = file.storyboard; name = Base; path = Base.lproj/LaunchScreen.storyboard; sourceTree = "<group>"; };
		264A1B01294A4A8000EA9092 /* Info.plist */ = {isa = PBXFileReference; lastKnownFileType = text.plist.xml; path = Info.plist; sourceTree = "<group>"; };
		264A1B07294A4B1A00EA9092 /* TabBarVC.swift */ = {isa = PBXFileReference; lastKnownFileType = sourcecode.swift; path = TabBarVC.swift; sourceTree = "<group>"; };
		264A1B09294A4B3200EA9092 /* MainVC.swift */ = {isa = PBXFileReference; lastKnownFileType = sourcecode.swift; path = MainVC.swift; sourceTree = "<group>"; };
		264A1B0B294A4F1300EA9092 /* GoogleService-Info.plist */ = {isa = PBXFileReference; lastKnownFileType = text.plist; path = "GoogleService-Info.plist"; sourceTree = SOURCE_ROOT; };
		264A1B0D294A54D100EA9092 /* Extensions.swift */ = {isa = PBXFileReference; lastKnownFileType = sourcecode.swift; path = Extensions.swift; sourceTree = "<group>"; };
		264A1B0F294A59C300EA9092 /* FirebaseManager.swift */ = {isa = PBXFileReference; lastKnownFileType = sourcecode.swift; path = FirebaseManager.swift; sourceTree = "<group>"; };
		265129DD294CE75200F70B91 /* SF-Pro-Display-Semibold.ttf */ = {isa = PBXFileReference; lastKnownFileType = file; path = "SF-Pro-Display-Semibold.ttf"; sourceTree = "<group>"; };
		26E1B900294C497A00DB62CB /* SF Pro - Semibold Rails.otf */ = {isa = PBXFileReference; lastKnownFileType = file; path = "SF Pro - Semibold Rails.otf"; sourceTree = "<group>"; };
		6DBEDE4D450BED5BFDC4D0B8 /* Pods-Huilo.release.xcconfig */ = {isa = PBXFileReference; includeInIndex = 1; lastKnownFileType = text.xcconfig; name = "Pods-Huilo.release.xcconfig"; path = "Target Support Files/Pods-Huilo/Pods-Huilo.release.xcconfig"; sourceTree = "<group>"; };
		DB21BDDDD55D83FB3F5E54AE /* Pods_Huilo.framework */ = {isa = PBXFileReference; explicitFileType = wrapper.framework; includeInIndex = 0; path = Pods_Huilo.framework; sourceTree = BUILT_PRODUCTS_DIR; };
		F78667FB2A71BB7EC6194722 /* Pods-Huilo.debug.xcconfig */ = {isa = PBXFileReference; includeInIndex = 1; lastKnownFileType = text.xcconfig; name = "Pods-Huilo.debug.xcconfig"; path = "Target Support Files/Pods-Huilo/Pods-Huilo.debug.xcconfig"; sourceTree = "<group>"; };
/* End PBXFileReference section */

/* Begin PBXFrameworksBuildPhase section */
		264A1AED294A4A7E00EA9092 /* Frameworks */ = {
			isa = PBXFrameworksBuildPhase;
			buildActionMask = 2147483647;
			files = (
				884476C030F30B17E54D3780 /* Pods_Huilo.framework in Frameworks */,
			);
			runOnlyForDeploymentPostprocessing = 0;
		};
/* End PBXFrameworksBuildPhase section */

/* Begin PBXGroup section */
		1FC6AB4C91BF6C3F56DA6C4F /* Pods */ = {
			isa = PBXGroup;
			children = (
				F78667FB2A71BB7EC6194722 /* Pods-Huilo.debug.xcconfig */,
				6DBEDE4D450BED5BFDC4D0B8 /* Pods-Huilo.release.xcconfig */,
			);
			path = Pods;
			sourceTree = "<group>";
		};
		264A1AE7294A4A7E00EA9092 = {
			isa = PBXGroup;
			children = (
				264A1AF2294A4A7E00EA9092 /* Huilo */,
				264A1AF1294A4A7E00EA9092 /* Products */,
				1FC6AB4C91BF6C3F56DA6C4F /* Pods */,
				6525874D6084BAC3FD5C3455 /* Frameworks */,
			);
			sourceTree = "<group>";
		};
		264A1AF1294A4A7E00EA9092 /* Products */ = {
			isa = PBXGroup;
			children = (
				264A1AF0294A4A7E00EA9092 /* Huilo.app */,
			);
			name = Products;
			sourceTree = "<group>";
		};
		264A1AF2294A4A7E00EA9092 /* Huilo */ = {
			isa = PBXGroup;
			children = (
				264A1AF3294A4A7E00EA9092 /* AppDelegate.swift */,
				264A1AF5294A4A7E00EA9092 /* SceneDelegate.swift */,
				264A1B07294A4B1A00EA9092 /* TabBarVC.swift */,
				264A1B09294A4B3200EA9092 /* MainVC.swift */,
				26498FE9294BBA1300F4772A /* FullSizeWallpaperVC.swift */,
				264A1AF7294A4A7E00EA9092 /* GeneratorVC.swift */,
				264A1B0F294A59C300EA9092 /* FirebaseManager.swift */,
				264A1B0D294A54D100EA9092 /* Extensions.swift */,
				264A1AFC294A4A8000EA9092 /* Assets.xcassets */,
				264A1AFE294A4A8000EA9092 /* LaunchScreen.storyboard */,
				264A1B01294A4A8000EA9092 /* Info.plist */,
				264A1B0B294A4F1300EA9092 /* GoogleService-Info.plist */,
				26E1B900294C497A00DB62CB /* SF Pro - Semibold Rails.otf */,
				265129DD294CE75200F70B91 /* SF-Pro-Display-Semibold.ttf */,
			);
			path = Huilo;
			sourceTree = "<group>";
		};
		6525874D6084BAC3FD5C3455 /* Frameworks */ = {
			isa = PBXGroup;
			children = (
				DB21BDDDD55D83FB3F5E54AE /* Pods_Huilo.framework */,
			);
			name = Frameworks;
			sourceTree = "<group>";
		};
/* End PBXGroup section */

/* Begin PBXNativeTarget section */
		264A1AEF294A4A7E00EA9092 /* Huilo */ = {
			isa = PBXNativeTarget;
			buildConfigurationList = 264A1B04294A4A8000EA9092 /* Build configuration list for PBXNativeTarget "Huilo" */;
			buildPhases = (
				CFDF5EFB494272071B2D0271 /* [CP] Check Pods Manifest.lock */,
				264A1AEC294A4A7E00EA9092 /* Sources */,
				264A1AED294A4A7E00EA9092 /* Frameworks */,
				264A1AEE294A4A7E00EA9092 /* Resources */,
				1BF9E721E238156E6A9B83EA /* [CP] Embed Pods Frameworks */,
			);
			buildRules = (
			);
			dependencies = (
			);
			name = Huilo;
			productName = Huilo;
			productReference = 264A1AF0294A4A7E00EA9092 /* Huilo.app */;
			productType = "com.apple.product-type.application";
		};
/* End PBXNativeTarget section */

/* Begin PBXProject section */
		264A1AE8294A4A7E00EA9092 /* Project object */ = {
			isa = PBXProject;
			attributes = {
				BuildIndependentTargetsInParallel = 1;
				LastSwiftUpdateCheck = 1320;
				LastUpgradeCheck = 1320;
				TargetAttributes = {
					264A1AEF294A4A7E00EA9092 = {
						CreatedOnToolsVersion = 13.2;
					};
				};
			};
			buildConfigurationList = 264A1AEB294A4A7E00EA9092 /* Build configuration list for PBXProject "Huilo" */;
			compatibilityVersion = "Xcode 13.0";
			developmentRegion = en;
			hasScannedForEncodings = 0;
			knownRegions = (
				en,
				Base,
			);
			mainGroup = 264A1AE7294A4A7E00EA9092;
			productRefGroup = 264A1AF1294A4A7E00EA9092 /* Products */;
			projectDirPath = "";
			projectRoot = "";
			targets = (
				264A1AEF294A4A7E00EA9092 /* Huilo */,
			);
		};
/* End PBXProject section */

/* Begin PBXResourcesBuildPhase section */
		264A1AEE294A4A7E00EA9092 /* Resources */ = {
			isa = PBXResourcesBuildPhase;
			buildActionMask = 2147483647;
			files = (
				264A1B00294A4A8000EA9092 /* LaunchScreen.storyboard in Resources */,
				264A1AFD294A4A8000EA9092 /* Assets.xcassets in Resources */,
				265129DE294CE75200F70B91 /* SF-Pro-Display-Semibold.ttf in Resources */,
				264A1B0C294A4F1300EA9092 /* GoogleService-Info.plist in Resources */,
				26E1B901294C497A00DB62CB /* SF Pro - Semibold Rails.otf in Resources */,
			);
			runOnlyForDeploymentPostprocessing = 0;
		};
/* End PBXResourcesBuildPhase section */

/* Begin PBXShellScriptBuildPhase section */
		1BF9E721E238156E6A9B83EA /* [CP] Embed Pods Frameworks */ = {
			isa = PBXShellScriptBuildPhase;
			buildActionMask = 2147483647;
			files = (
			);
			inputFileListPaths = (
				"${PODS_ROOT}/Target Support Files/Pods-Huilo/Pods-Huilo-frameworks-${CONFIGURATION}-input-files.xcfilelist",
			);
			name = "[CP] Embed Pods Frameworks";
			outputFileListPaths = (
				"${PODS_ROOT}/Target Support Files/Pods-Huilo/Pods-Huilo-frameworks-${CONFIGURATION}-output-files.xcfilelist",
			);
			runOnlyForDeploymentPostprocessing = 0;
			shellPath = /bin/sh;
			shellScript = "\"${PODS_ROOT}/Target Support Files/Pods-Huilo/Pods-Huilo-frameworks.sh\"\n";
			showEnvVarsInLog = 0;
		};
		CFDF5EFB494272071B2D0271 /* [CP] Check Pods Manifest.lock */ = {
			isa = PBXShellScriptBuildPhase;
			buildActionMask = 2147483647;
			files = (
			);
			inputFileListPaths = (
			);
			inputPaths = (
				"${PODS_PODFILE_DIR_PATH}/Podfile.lock",
				"${PODS_ROOT}/Manifest.lock",
			);
			name = "[CP] Check Pods Manifest.lock";
			outputFileListPaths = (
			);
			outputPaths = (
				"$(DERIVED_FILE_DIR)/Pods-Huilo-checkManifestLockResult.txt",
			);
			runOnlyForDeploymentPostprocessing = 0;
			shellPath = /bin/sh;
			shellScript = "diff \"${PODS_PODFILE_DIR_PATH}/Podfile.lock\" \"${PODS_ROOT}/Manifest.lock\" > /dev/null\nif [ $? != 0 ] ; then\n    # print error to STDERR\n    echo \"error: The sandbox is not in sync with the Podfile.lock. Run 'pod install' or update your CocoaPods installation.\" >&2\n    exit 1\nfi\n# This output is used by Xcode 'outputs' to avoid re-running this script phase.\necho \"SUCCESS\" > \"${SCRIPT_OUTPUT_FILE_0}\"\n";
			showEnvVarsInLog = 0;
		};
/* End PBXShellScriptBuildPhase section */

/* Begin PBXSourcesBuildPhase section */
		264A1AEC294A4A7E00EA9092 /* Sources */ = {
			isa = PBXSourcesBuildPhase;
			buildActionMask = 2147483647;
			files = (
				264A1AF8294A4A7E00EA9092 /* GeneratorVC.swift in Sources */,
				264A1B0E294A54D100EA9092 /* Extensions.swift in Sources */,
				264A1B10294A59C300EA9092 /* FirebaseManager.swift in Sources */,
				26498FEA294BBA1300F4772A /* FullSizeWallpaperVC.swift in Sources */,
				264A1B0A294A4B3300EA9092 /* MainVC.swift in Sources */,
				264A1AF4294A4A7E00EA9092 /* AppDelegate.swift in Sources */,
				264A1B08294A4B1A00EA9092 /* TabBarVC.swift in Sources */,
				264A1AF6294A4A7E00EA9092 /* SceneDelegate.swift in Sources */,
			);
			runOnlyForDeploymentPostprocessing = 0;
		};
/* End PBXSourcesBuildPhase section */

/* Begin PBXVariantGroup section */
		264A1AFE294A4A8000EA9092 /* LaunchScreen.storyboard */ = {
			isa = PBXVariantGroup;
			children = (
				264A1AFF294A4A8000EA9092 /* Base */,
			);
			name = LaunchScreen.storyboard;
			sourceTree = "<group>";
		};
/* End PBXVariantGroup section */

/* Begin XCBuildConfiguration section */
		264A1B02294A4A8000EA9092 /* Debug */ = {
			isa = XCBuildConfiguration;
			buildSettings = {
				ALWAYS_SEARCH_USER_PATHS = NO;
				CLANG_ANALYZER_NONNULL = YES;
				CLANG_ANALYZER_NUMBER_OBJECT_CONVERSION = YES_AGGRESSIVE;
				CLANG_CXX_LANGUAGE_STANDARD = "gnu++17";
				CLANG_CXX_LIBRARY = "libc++";
				CLANG_ENABLE_MODULES = YES;
				CLANG_ENABLE_OBJC_ARC = YES;
				CLANG_ENABLE_OBJC_WEAK = YES;
				CLANG_WARN_BLOCK_CAPTURE_AUTORELEASING = YES;
				CLANG_WARN_BOOL_CONVERSION = YES;
				CLANG_WARN_COMMA = YES;
				CLANG_WARN_CONSTANT_CONVERSION = YES;
				CLANG_WARN_DEPRECATED_OBJC_IMPLEMENTATIONS = YES;
				CLANG_WARN_DIRECT_OBJC_ISA_USAGE = YES_ERROR;
				CLANG_WARN_DOCUMENTATION_COMMENTS = YES;
				CLANG_WARN_EMPTY_BODY = YES;
				CLANG_WARN_ENUM_CONVERSION = YES;
				CLANG_WARN_INFINITE_RECURSION = YES;
				CLANG_WARN_INT_CONVERSION = YES;
				CLANG_WARN_NON_LITERAL_NULL_CONVERSION = YES;
				CLANG_WARN_OBJC_IMPLICIT_RETAIN_SELF = YES;
				CLANG_WARN_OBJC_LITERAL_CONVERSION = YES;
				CLANG_WARN_OBJC_ROOT_CLASS = YES_ERROR;
				CLANG_WARN_QUOTED_INCLUDE_IN_FRAMEWORK_HEADER = YES;
				CLANG_WARN_RANGE_LOOP_ANALYSIS = YES;
				CLANG_WARN_STRICT_PROTOTYPES = YES;
				CLANG_WARN_SUSPICIOUS_MOVE = YES;
				CLANG_WARN_UNGUARDED_AVAILABILITY = YES_AGGRESSIVE;
				CLANG_WARN_UNREACHABLE_CODE = YES;
				CLANG_WARN__DUPLICATE_METHOD_MATCH = YES;
				COPY_PHASE_STRIP = NO;
				DEBUG_INFORMATION_FORMAT = dwarf;
				ENABLE_STRICT_OBJC_MSGSEND = YES;
				ENABLE_TESTABILITY = YES;
				GCC_C_LANGUAGE_STANDARD = gnu11;
				GCC_DYNAMIC_NO_PIC = NO;
				GCC_NO_COMMON_BLOCKS = YES;
				GCC_OPTIMIZATION_LEVEL = 0;
				GCC_PREPROCESSOR_DEFINITIONS = (
					"DEBUG=1",
					"$(inherited)",
				);
				GCC_WARN_64_TO_32_BIT_CONVERSION = YES;
				GCC_WARN_ABOUT_RETURN_TYPE = YES_ERROR;
				GCC_WARN_UNDECLARED_SELECTOR = YES;
				GCC_WARN_UNINITIALIZED_AUTOS = YES_AGGRESSIVE;
				GCC_WARN_UNUSED_FUNCTION = YES;
				GCC_WARN_UNUSED_VARIABLE = YES;
				IPHONEOS_DEPLOYMENT_TARGET = 15.2;
				MTL_ENABLE_DEBUG_INFO = INCLUDE_SOURCE;
				MTL_FAST_MATH = YES;
				ONLY_ACTIVE_ARCH = YES;
				SDKROOT = iphoneos;
				SWIFT_ACTIVE_COMPILATION_CONDITIONS = DEBUG;
				SWIFT_OPTIMIZATION_LEVEL = "-Onone";
			};
			name = Debug;
		};
		264A1B03294A4A8000EA9092 /* Release */ = {
			isa = XCBuildConfiguration;
			buildSettings = {
				ALWAYS_SEARCH_USER_PATHS = NO;
				CLANG_ANALYZER_NONNULL = YES;
				CLANG_ANALYZER_NUMBER_OBJECT_CONVERSION = YES_AGGRESSIVE;
				CLANG_CXX_LANGUAGE_STANDARD = "gnu++17";
				CLANG_CXX_LIBRARY = "libc++";
				CLANG_ENABLE_MODULES = YES;
				CLANG_ENABLE_OBJC_ARC = YES;
				CLANG_ENABLE_OBJC_WEAK = YES;
				CLANG_WARN_BLOCK_CAPTURE_AUTORELEASING = YES;
				CLANG_WARN_BOOL_CONVERSION = YES;
				CLANG_WARN_COMMA = YES;
				CLANG_WARN_CONSTANT_CONVERSION = YES;
				CLANG_WARN_DEPRECATED_OBJC_IMPLEMENTATIONS = YES;
				CLANG_WARN_DIRECT_OBJC_ISA_USAGE = YES_ERROR;
				CLANG_WARN_DOCUMENTATION_COMMENTS = YES;
				CLANG_WARN_EMPTY_BODY = YES;
				CLANG_WARN_ENUM_CONVERSION = YES;
				CLANG_WARN_INFINITE_RECURSION = YES;
				CLANG_WARN_INT_CONVERSION = YES;
				CLANG_WARN_NON_LITERAL_NULL_CONVERSION = YES;
				CLANG_WARN_OBJC_IMPLICIT_RETAIN_SELF = YES;
				CLANG_WARN_OBJC_LITERAL_CONVERSION = YES;
				CLANG_WARN_OBJC_ROOT_CLASS = YES_ERROR;
				CLANG_WARN_QUOTED_INCLUDE_IN_FRAMEWORK_HEADER = YES;
				CLANG_WARN_RANGE_LOOP_ANALYSIS = YES;
				CLANG_WARN_STRICT_PROTOTYPES = YES;
				CLANG_WARN_SUSPICIOUS_MOVE = YES;
				CLANG_WARN_UNGUARDED_AVAILABILITY = YES_AGGRESSIVE;
				CLANG_WARN_UNREACHABLE_CODE = YES;
				CLANG_WARN__DUPLICATE_METHOD_MATCH = YES;
				COPY_PHASE_STRIP = NO;
				DEBUG_INFORMATION_FORMAT = "dwarf-with-dsym";
				ENABLE_NS_ASSERTIONS = NO;
				ENABLE_STRICT_OBJC_MSGSEND = YES;
				GCC_C_LANGUAGE_STANDARD = gnu11;
				GCC_NO_COMMON_BLOCKS = YES;
				GCC_WARN_64_TO_32_BIT_CONVERSION = YES;
				GCC_WARN_ABOUT_RETURN_TYPE = YES_ERROR;
				GCC_WARN_UNDECLARED_SELECTOR = YES;
				GCC_WARN_UNINITIALIZED_AUTOS = YES_AGGRESSIVE;
				GCC_WARN_UNUSED_FUNCTION = YES;
				GCC_WARN_UNUSED_VARIABLE = YES;
				IPHONEOS_DEPLOYMENT_TARGET = 15.2;
				MTL_ENABLE_DEBUG_INFO = NO;
				MTL_FAST_MATH = YES;
				SDKROOT = iphoneos;
				SWIFT_COMPILATION_MODE = wholemodule;
				SWIFT_OPTIMIZATION_LEVEL = "-O";
				VALIDATE_PRODUCT = YES;
			};
			name = Release;
		};
		264A1B05294A4A8000EA9092 /* Debug */ = {
			isa = XCBuildConfiguration;
			baseConfigurationReference = F78667FB2A71BB7EC6194722 /* Pods-Huilo.debug.xcconfig */;
			buildSettings = {
				ASSETCATALOG_COMPILER_APPICON_NAME = AppIcon;
				ASSETCATALOG_COMPILER_GLOBAL_ACCENT_COLOR_NAME = AccentColor;
				CODE_SIGN_STYLE = Automatic;
				CURRENT_PROJECT_VERSION = 1;
				DEVELOPMENT_TEAM = 9875BH6JL2;
				GENERATE_INFOPLIST_FILE = YES;
				INFOPLIST_FILE = Huilo/Info.plist;
				INFOPLIST_KEY_CFBundleDisplayName = "Huilo - AI Painter";
				INFOPLIST_KEY_UIApplicationSupportsIndirectInputEvents = YES;
				INFOPLIST_KEY_UILaunchStoryboardName = LaunchScreen;
				INFOPLIST_KEY_UISupportedInterfaceOrientations_iPad = "UIInterfaceOrientationPortrait UIInterfaceOrientationPortraitUpsideDown UIInterfaceOrientationLandscapeLeft UIInterfaceOrientationLandscapeRight";
				INFOPLIST_KEY_UISupportedInterfaceOrientations_iPhone = "UIInterfaceOrientationPortrait UIInterfaceOrientationLandscapeLeft UIInterfaceOrientationLandscapeRight";
				IPHONEOS_DEPLOYMENT_TARGET = 15.0;
				LD_RUNPATH_SEARCH_PATHS = (
					"$(inherited)",
					"@executable_path/Frameworks",
				);
				MARKETING_VERSION = 1.0;
				PRODUCT_BUNDLE_IDENTIFIER = ai.Huilo;
				PRODUCT_NAME = "$(TARGET_NAME)";
				SWIFT_EMIT_LOC_STRINGS = YES;
				SWIFT_VERSION = 5.0;
				TARGETED_DEVICE_FAMILY = "1,2";
			};
			name = Debug;
		};
		264A1B06294A4A8000EA9092 /* Release */ = {
			isa = XCBuildConfiguration;
			baseConfigurationReference = 6DBEDE4D450BED5BFDC4D0B8 /* Pods-Huilo.release.xcconfig */;
			buildSettings = {
				ASSETCATALOG_COMPILER_APPICON_NAME = AppIcon;
				ASSETCATALOG_COMPILER_GLOBAL_ACCENT_COLOR_NAME = AccentColor;
				CODE_SIGN_STYLE = Automatic;
				CURRENT_PROJECT_VERSION = 1;
				DEVELOPMENT_TEAM = 9875BH6JL2;
				GENERATE_INFOPLIST_FILE = YES;
				INFOPLIST_FILE = Huilo/Info.plist;
				INFOPLIST_KEY_CFBundleDisplayName = "Huilo - AI Painter";
				INFOPLIST_KEY_UIApplicationSupportsIndirectInputEvents = YES;
				INFOPLIST_KEY_UILaunchStoryboardName = LaunchScreen;
				INFOPLIST_KEY_UISupportedInterfaceOrientations_iPad = "UIInterfaceOrientationPortrait UIInterfaceOrientationPortraitUpsideDown UIInterfaceOrientationLandscapeLeft UIInterfaceOrientationLandscapeRight";
				INFOPLIST_KEY_UISupportedInterfaceOrientations_iPhone = "UIInterfaceOrientationPortrait UIInterfaceOrientationLandscapeLeft UIInterfaceOrientationLandscapeRight";
				IPHONEOS_DEPLOYMENT_TARGET = 15.0;
				LD_RUNPATH_SEARCH_PATHS = (
					"$(inherited)",
					"@executable_path/Frameworks",
				);
				MARKETING_VERSION = 1.0;
				PRODUCT_BUNDLE_IDENTIFIER = ai.Huilo;
				PRODUCT_NAME = "$(TARGET_NAME)";
				SWIFT_EMIT_LOC_STRINGS = YES;
				SWIFT_VERSION = 5.0;
				TARGETED_DEVICE_FAMILY = "1,2";
			};
			name = Release;
		};
/* End XCBuildConfiguration section */

/* Begin XCConfigurationList section */
		264A1AEB294A4A7E00EA9092 /* Build configuration list for PBXProject "Huilo" */ = {
			isa = XCConfigurationList;
			buildConfigurations = (
				264A1B02294A4A8000EA9092 /* Debug */,
				264A1B03294A4A8000EA9092 /* Release */,
			);
			defaultConfigurationIsVisible = 0;
			defaultConfigurationName = Release;
		};
		264A1B04294A4A8000EA9092 /* Build configuration list for PBXNativeTarget "Huilo" */ = {
			isa = XCConfigurationList;
			buildConfigurations = (
				264A1B05294A4A8000EA9092 /* Debug */,
				264A1B06294A4A8000EA9092 /* Release */,
			);
			defaultConfigurationIsVisible = 0;
			defaultConfigurationName = Release;
		};
/* End XCConfigurationList section */
	};
	rootObject = 264A1AE8294A4A7E00EA9092 /* Project object */;
}
